// !$*UTF8*$!
{
	archiveVersion = 1;
	classes = {
	};
	objectVersion = 77;
	objects = {

/* Begin PBXBuildFile section */
		002BA9E7CDB3E5874F2EEDDE /* ConnectionManager.swift in Sources */ = {isa = PBXBuildFile; fileRef = B27FCBC9BF218D0BDE349EA0 /* ConnectionManager.swift */; };
		00C98A22B90F84419A9383FF /* OpenCodeClient.swift in Sources */ = {isa = PBXBuildFile; fileRef = 9951D90FCF78841C56ECAE55 /* OpenCodeClient.swift */; };
		06FBA2F053AD9AD1D7169A56 /* TerminalViewModelTests.swift in Sources */ = {isa = PBXBuildFile; fileRef = 184A0DD95D82A76543A93570 /* TerminalViewModelTests.swift */; };
		13E8E07E2513F1473B94C1CA /* ConnectionFlowTests.swift in Sources */ = {isa = PBXBuildFile; fileRef = C98143E40A322565D17B50C5 /* ConnectionFlowTests.swift */; };
		14123C80FB6221D151DD6BC3 /* QuestionSheet.swift in Sources */ = {isa = PBXBuildFile; fileRef = 159E783BE7AC63E7C547D66D /* QuestionSheet.swift */; };
		194A8326CE8DA6AB6DA9FFB7 /* SessionRow.swift in Sources */ = {isa = PBXBuildFile; fileRef = C355768023A130D92EB12564 /* SessionRow.swift */; };
		1F1CF26F5275D7B15F69D613 /* Message.swift in Sources */ = {isa = PBXBuildFile; fileRef = A478B04936AE9B19FBA23AFC /* Message.swift */; };
		218F9E076BAD71D48830D60B /* ConnectionManagerTests.swift in Sources */ = {isa = PBXBuildFile; fileRef = 25803025008272C3CC55E776 /* ConnectionManagerTests.swift */; };
		2410D976B15DA006D705C535 /* APIModels.swift in Sources */ = {isa = PBXBuildFile; fileRef = FF0096CB445B09D44A6B6E6B /* APIModels.swift */; };
		256F5F07CFACDD25B736FEFE /* KeychainHelper.swift in Sources */ = {isa = PBXBuildFile; fileRef = 716245A14730A65DB5B39CAD /* KeychainHelper.swift */; };
		26AA75815F38330AE111C91F /* ChatViewModelTests.swift in Sources */ = {isa = PBXBuildFile; fileRef = 8FF9549D321D5BCEA13CB9C0 /* ChatViewModelTests.swift */; };
		28146A7750E862F8F51D10DA /* FileBrowserView.swift in Sources */ = {isa = PBXBuildFile; fileRef = A91D043F81D214D1DEC80A43 /* FileBrowserView.swift */; };
		2A0F4D5F0A9BE0CFF03709B5 /* RootView.swift in Sources */ = {isa = PBXBuildFile; fileRef = C276DC86CAE0F22CFFC38C6A /* RootView.swift */; };
		2BD759D71B39BEB3B7293EAF /* CodeBlockView.swift in Sources */ = {isa = PBXBuildFile; fileRef = 594B52357EC36C24911FAE9D /* CodeBlockView.swift */; };
		306080D8A60FF2849BD458E7 /* TerminalViewModel.swift in Sources */ = {isa = PBXBuildFile; fileRef = 76EC5E3440909F0602F21113 /* TerminalViewModel.swift */; };
		3917653A22F1600FE7A48CF7 /* TerminalView.swift in Sources */ = {isa = PBXBuildFile; fileRef = FDAE3761501B5A68009A3BF8 /* TerminalView.swift */; };
		3B21984106A78CA0EB81AB94 /* FileBrowserViewModelTests.swift in Sources */ = {isa = PBXBuildFile; fileRef = F53314D986BB4B60838F6717 /* FileBrowserViewModelTests.swift */; };
		4240D60027C5C9D768FB1273 /* HealthResponse.swift in Sources */ = {isa = PBXBuildFile; fileRef = 66F5D68D60C7339B60BD1FFF /* HealthResponse.swift */; };
		4747BF8821DC647F65F44F7E /* SyntaxHighlighter.swift in Sources */ = {isa = PBXBuildFile; fileRef = AEF1D2215CAEC9FCEFCDA04F /* SyntaxHighlighter.swift */; };
		4A777661AF1C62AA7A1B602B /* FileViewerView.swift in Sources */ = {isa = PBXBuildFile; fileRef = 36724FECF733FF9CF910CB6E /* FileViewerView.swift */; };
		4DDDACC9EF36F73FDDE47F51 /* SSEEvent.swift in Sources */ = {isa = PBXBuildFile; fileRef = 50D4D536CFBC65D89DE969F1 /* SSEEvent.swift */; };
		4F5B11E54B3BD8A6267E6792 /* ServerStore.swift in Sources */ = {isa = PBXBuildFile; fileRef = AD5368C5D8095FC39F621390 /* ServerStore.swift */; };
		50B912B2A4A15305B2FD2274 /* MessageBubble.swift in Sources */ = {isa = PBXBuildFile; fileRef = 316FAB7BED82340DC6FED47F /* MessageBubble.swift */; };
		51648E7E471696AC13AA113D /* MessageListView.swift in Sources */ = {isa = PBXBuildFile; fileRef = 6887707C6A779ADA603B996C /* MessageListView.swift */; };
		57114C1E52641298E3DAB8CF /* SSEStreamTests.swift in Sources */ = {isa = PBXBuildFile; fileRef = E3D36E2AA39FE21AAC30AB60 /* SSEStreamTests.swift */; };
		5CA88E8CE4D373D62C4EBE85 /* ChatViewModel.swift in Sources */ = {isa = PBXBuildFile; fileRef = 1512D12751E0D58E6A416F8B /* ChatViewModel.swift */; };
		5F7B1021D72B10BFEF22553C /* ModelAgentPicker.swift in Sources */ = {isa = PBXBuildFile; fileRef = AFF592E1D8E427925AA8BF1F /* ModelAgentPicker.swift */; };
		60D7047D64CCD7DB122E5938 /* Part.swift in Sources */ = {isa = PBXBuildFile; fileRef = CD5BA6D13E4B9A704A3794A8 /* Part.swift */; };
		642AFE53511A2BC2B300141B /* ServerEditView.swift in Sources */ = {isa = PBXBuildFile; fileRef = 5BEDF90B65945E061443F7CE /* ServerEditView.swift */; };
		67F1E7D59D8300ABC13E5236 /* PermissionSheet.swift in Sources */ = {isa = PBXBuildFile; fileRef = 964682270755D4FDA43DDDB5 /* PermissionSheet.swift */; };
		68DD20828373CDC6503B31F0 /* ChatView.swift in Sources */ = {isa = PBXBuildFile; fileRef = C2E5E83B891FFBB105D3209C /* ChatView.swift */; };
		6B88B69848F1CB2002A9D21D /* MessageModelTests.swift in Sources */ = {isa = PBXBuildFile; fileRef = E8942A263B53F5111925375A /* MessageModelTests.swift */; };
		6C1D80FE2C4A4007A0929F41 /* Pty.swift in Sources */ = {isa = PBXBuildFile; fileRef = 35736001E532DD65C0A0D95B /* Pty.swift */; };
		72C93D90C66458F1A72B7336 /* DiffLineView.swift in Sources */ = {isa = PBXBuildFile; fileRef = 327688E5B8352D428C857EBF /* DiffLineView.swift */; };
		744C4E8430A97F7AB2DCBABA /* TestHelpers.swift in Sources */ = {isa = PBXBuildFile; fileRef = 233836E31B7A534925E45F9A /* TestHelpers.swift */; };
		7546B1A0B3DAE72BB9D74E4E /* ServerConfigTests.swift in Sources */ = {isa = PBXBuildFile; fileRef = 2F6134B625A81805C5BC85CC /* ServerConfigTests.swift */; };
		76271146809D9CD63C763788 /* Theme.swift in Sources */ = {isa = PBXBuildFile; fileRef = 6BDA0E6A62D4D7F6897DA4B7 /* Theme.swift */; };
		7871F4A77396402C69DC5C10 /* SessionStatus.swift in Sources */ = {isa = PBXBuildFile; fileRef = 581FC5DEB07D81F99E874863 /* SessionStatus.swift */; };
		78BA8D332AD6C0981DFBA239 /* PtyTransport.swift in Sources */ = {isa = PBXBuildFile; fileRef = B106DBE21B222FA52B3C7508 /* PtyTransport.swift */; };
		7A8BF441929167BE16C13B0A /* MarkdownSegment.swift in Sources */ = {isa = PBXBuildFile; fileRef = D17BB1EC54969D76E5747EF2 /* MarkdownSegment.swift */; };
		7AA1F4FC9686F31ABBFF6474 /* OpenCodeNexusApp.swift in Sources */ = {isa = PBXBuildFile; fileRef = 82062C38033E41F58A1FB1A2 /* OpenCodeNexusApp.swift */; };
		7CF368A07747319392A4ADCE /* GhosttyTerminalSession.swift in Sources */ = {isa = PBXBuildFile; fileRef = 7F2D55C69F90B6BD30FA7285 /* GhosttyTerminalSession.swift */; };
		8C0E9F5292F3E86FC147D141 /* FileBrowserViewModel.swift in Sources */ = {isa = PBXBuildFile; fileRef = 7A1929E7C25A7E4044EA73FC /* FileBrowserViewModel.swift */; };
		8D4F67FAF1735906DBAA8951 /* ViewBodyTests.swift in Sources */ = {isa = PBXBuildFile; fileRef = C367D28BEFE3ADA0C7245E1A /* ViewBodyTests.swift */; };
		94BB5E75A84B08541FC2FA5C /* GhosttyTerminal in Frameworks */ = {isa = PBXBuildFile; productRef = 6BBA8E4B381BFE48B3BFE567 /* GhosttyTerminal */; };
		9C65F6ECC89275AF8AE07386 /* ServerListView.swift in Sources */ = {isa = PBXBuildFile; fileRef = 1C3134FC2ADFD53140850495 /* ServerListView.swift */; };
		9D129651EBBCF36492800157 /* Session.swift in Sources */ = {isa = PBXBuildFile; fileRef = BB70ABF88ABB6E4EA620A427 /* Session.swift */; };
		9DF1C2833B43FE13A6295232 /* ConnectView.swift in Sources */ = {isa = PBXBuildFile; fileRef = 0430BF58A82E99D3B9B9BF54 /* ConnectView.swift */; };
		9E4342B11CD3BC95ECC169C7 /* ServerConfig.swift in Sources */ = {isa = PBXBuildFile; fileRef = 37A20AD8D4CC32E13FCAA8B9 /* ServerConfig.swift */; };
		9F90D3518DEADF5C9CF1FD08 /* DiffSheet.swift in Sources */ = {isa = PBXBuildFile; fileRef = 3773F45614C0EE6E2E8C1761 /* DiffSheet.swift */; };
		A2A1ABA21577D691A1F559DC /* AppLaunchTests.swift in Sources */ = {isa = PBXBuildFile; fileRef = 3B7B075B19B01A1B0EDC32CB /* AppLaunchTests.swift */; };
		A4007B045264A326FA4BF8FC /* ToolOutputViews.swift in Sources */ = {isa = PBXBuildFile; fileRef = C3EC84FB23B7B55D1CBD41DE /* ToolOutputViews.swift */; };
		A6B26CF6B73FDCE28051C4B7 /* PureLogicTests.swift in Sources */ = {isa = PBXBuildFile; fileRef = 87D42A9889DF3D712D43AF4C /* PureLogicTests.swift */; };
		AAA955A57710435621307F13 /* KeychainHelperTests.swift in Sources */ = {isa = PBXBuildFile; fileRef = DD23EBEA8CA29115B6960EA2 /* KeychainHelperTests.swift */; };
		B41FE633E7F41E2D716AEEDF /* FileDiffView.swift in Sources */ = {isa = PBXBuildFile; fileRef = 9CAB80D83422C5DFA173A312 /* FileDiffView.swift */; };
		B94AF58A39EF57E8AEF155E2 /* SessionModelTests.swift in Sources */ = {isa = PBXBuildFile; fileRef = B2AC35FF7DE91875A03E5ED5 /* SessionModelTests.swift */; };
		BAB39CEE475BEB9C9F366E53 /* SSEEventTests.swift in Sources */ = {isa = PBXBuildFile; fileRef = AF0A5F3B5C9446912C4392D5 /* SSEEventTests.swift */; };
		C2B958AF338753CB921A6DD7 /* OpenCodeClientTests.swift in Sources */ = {isa = PBXBuildFile; fileRef = 9DD804708148727FF13D225B /* OpenCodeClientTests.swift */; };
		C7FA9E1D38778A66B37AD19F /* BuildSmokeTests.swift in Sources */ = {isa = PBXBuildFile; fileRef = 4685F5505C8E9653A850F9FB /* BuildSmokeTests.swift */; };
		C83FF54475B038351DFB9569 /* MessageInputView.swift in Sources */ = {isa = PBXBuildFile; fileRef = 8F292817549F82791FFD0F12 /* MessageInputView.swift */; };
		C9738BAF201F282FFA36C7ED /* NewSessionView.swift in Sources */ = {isa = PBXBuildFile; fileRef = 3EFAEAA7ABE31AE3CF95B7CB /* NewSessionView.swift */; };
		C9AE2EB9FCCF091ED0F2B18B /* Project.swift in Sources */ = {isa = PBXBuildFile; fileRef = 4DE227633BB56FCD80D4D311 /* Project.swift */; };
		CBBAD21B4D975CA1AF113856 /* ServerStoreTests.swift in Sources */ = {isa = PBXBuildFile; fileRef = B616B2F92CAD9434DB1984D2 /* ServerStoreTests.swift */; };
		D99DE00E9E99B31A0B55478D /* MockServerTests.swift in Sources */ = {isa = PBXBuildFile; fileRef = 1354F682053FA23504CF5B63 /* MockServerTests.swift */; };
		DB07A61518B8AD03A3DDA651 /* APIModelTests.swift in Sources */ = {isa = PBXBuildFile; fileRef = 54ED8CDEE4A011B3F1E98DEC /* APIModelTests.swift */; };
		E0690F73FA2B8D33428C2626 /* Date+Relative.swift in Sources */ = {isa = PBXBuildFile; fileRef = 88A02EA1C27385BA5B352FAC /* Date+Relative.swift */; };
		E6E2BB44528E0F6A4AA15374 /* Assets.xcassets in Resources */ = {isa = PBXBuildFile; fileRef = 0FE8544DEF0289F135147523 /* Assets.xcassets */; };
		E8576D21DFE0764CFC39EB0A /* DiffParser.swift in Sources */ = {isa = PBXBuildFile; fileRef = 95DB3256CDEECF646B65014E /* DiffParser.swift */; };
		EAF19810C5EF6E32C9E412CB /* MarkdownRenderer.swift in Sources */ = {isa = PBXBuildFile; fileRef = 983FF3DF111E01C2CFE0F5CC /* MarkdownRenderer.swift */; };
/* End PBXBuildFile section */

/* Begin PBXContainerItemProxy section */
		63A69DCE002E59AA6D67DC13 /* PBXContainerItemProxy */ = {
			isa = PBXContainerItemProxy;
			containerPortal = EC01B3C4C4A6754973C1EFB5 /* Project object */;
			proxyType = 1;
			remoteGlobalIDString = 7873163F1A90A001669D3EFA;
			remoteInfo = OpenCodeNexus;
		};
		9868D94B9FC515F2FDDCED9D /* PBXContainerItemProxy */ = {
			isa = PBXContainerItemProxy;
			containerPortal = EC01B3C4C4A6754973C1EFB5 /* Project object */;
			proxyType = 1;
			remoteGlobalIDString = 7873163F1A90A001669D3EFA;
			remoteInfo = OpenCodeNexus;
		};
		BEABD62943DD2601DC979E40 /* PBXContainerItemProxy */ = {
			isa = PBXContainerItemProxy;
			containerPortal = EC01B3C4C4A6754973C1EFB5 /* Project object */;
			proxyType = 1;
			remoteGlobalIDString = 7873163F1A90A001669D3EFA;
			remoteInfo = OpenCodeNexus;
		};
/* End PBXContainerItemProxy section */

/* Begin PBXFileReference section */
		0430BF58A82E99D3B9B9BF54 /* ConnectView.swift */ = {isa = PBXFileReference; lastKnownFileType = sourcecode.swift; path = ConnectView.swift; sourceTree = "<group>"; };
		0FE8544DEF0289F135147523 /* Assets.xcassets */ = {isa = PBXFileReference; lastKnownFileType = folder.assetcatalog; path = Assets.xcassets; sourceTree = "<group>"; };
		1354F682053FA23504CF5B63 /* MockServerTests.swift */ = {isa = PBXFileReference; lastKnownFileType = sourcecode.swift; path = MockServerTests.swift; sourceTree = "<group>"; };
		1512D12751E0D58E6A416F8B /* ChatViewModel.swift */ = {isa = PBXFileReference; lastKnownFileType = sourcecode.swift; path = ChatViewModel.swift; sourceTree = "<group>"; };
		159E783BE7AC63E7C547D66D /* QuestionSheet.swift */ = {isa = PBXFileReference; lastKnownFileType = sourcecode.swift; path = QuestionSheet.swift; sourceTree = "<group>"; };
		184A0DD95D82A76543A93570 /* TerminalViewModelTests.swift */ = {isa = PBXFileReference; lastKnownFileType = sourcecode.swift; path = TerminalViewModelTests.swift; sourceTree = "<group>"; };
		1C3134FC2ADFD53140850495 /* ServerListView.swift */ = {isa = PBXFileReference; lastKnownFileType = sourcecode.swift; path = ServerListView.swift; sourceTree = "<group>"; };
		22578BFECF2F7F7E4B740809 /* Info.plist */ = {isa = PBXFileReference; lastKnownFileType = text.plist; path = Info.plist; sourceTree = "<group>"; };
		233836E31B7A534925E45F9A /* TestHelpers.swift */ = {isa = PBXFileReference; lastKnownFileType = sourcecode.swift; path = TestHelpers.swift; sourceTree = "<group>"; };
		25803025008272C3CC55E776 /* ConnectionManagerTests.swift */ = {isa = PBXFileReference; lastKnownFileType = sourcecode.swift; path = ConnectionManagerTests.swift; sourceTree = "<group>"; };
		2BB772607D37D40E5C0EC8EA /* OpenCodeNexusE2ETests.xctest */ = {isa = PBXFileReference; includeInIndex = 0; lastKnownFileType = wrapper.cfbundle; path = OpenCodeNexusE2ETests.xctest; sourceTree = BUILT_PRODUCTS_DIR; };
		2E58C722D4E37BAEEB1BC7F5 /* OpenCodeNexus.entitlements */ = {isa = PBXFileReference; lastKnownFileType = text.plist.entitlements; path = OpenCodeNexus.entitlements; sourceTree = "<group>"; };
		2F6134B625A81805C5BC85CC /* ServerConfigTests.swift */ = {isa = PBXFileReference; lastKnownFileType = sourcecode.swift; path = ServerConfigTests.swift; sourceTree = "<group>"; };
		316FAB7BED82340DC6FED47F /* MessageBubble.swift */ = {isa = PBXFileReference; lastKnownFileType = sourcecode.swift; path = MessageBubble.swift; sourceTree = "<group>"; };
		327688E5B8352D428C857EBF /* DiffLineView.swift */ = {isa = PBXFileReference; lastKnownFileType = sourcecode.swift; path = DiffLineView.swift; sourceTree = "<group>"; };
		35736001E532DD65C0A0D95B /* Pty.swift */ = {isa = PBXFileReference; lastKnownFileType = sourcecode.swift; path = Pty.swift; sourceTree = "<group>"; };
		36724FECF733FF9CF910CB6E /* FileViewerView.swift */ = {isa = PBXFileReference; lastKnownFileType = sourcecode.swift; path = FileViewerView.swift; sourceTree = "<group>"; };
		3773F45614C0EE6E2E8C1761 /* DiffSheet.swift */ = {isa = PBXFileReference; lastKnownFileType = sourcecode.swift; path = DiffSheet.swift; sourceTree = "<group>"; };
		37A20AD8D4CC32E13FCAA8B9 /* ServerConfig.swift */ = {isa = PBXFileReference; lastKnownFileType = sourcecode.swift; path = ServerConfig.swift; sourceTree = "<group>"; };
		3B7B075B19B01A1B0EDC32CB /* AppLaunchTests.swift */ = {isa = PBXFileReference; lastKnownFileType = sourcecode.swift; path = AppLaunchTests.swift; sourceTree = "<group>"; };
		3EFAEAA7ABE31AE3CF95B7CB /* NewSessionView.swift */ = {isa = PBXFileReference; lastKnownFileType = sourcecode.swift; path = NewSessionView.swift; sourceTree = "<group>"; };
		4685F5505C8E9653A850F9FB /* BuildSmokeTests.swift */ = {isa = PBXFileReference; lastKnownFileType = sourcecode.swift; path = BuildSmokeTests.swift; sourceTree = "<group>"; };
		4DE227633BB56FCD80D4D311 /* Project.swift */ = {isa = PBXFileReference; lastKnownFileType = sourcecode.swift; path = Project.swift; sourceTree = "<group>"; };
		50D4D536CFBC65D89DE969F1 /* SSEEvent.swift */ = {isa = PBXFileReference; lastKnownFileType = sourcecode.swift; path = SSEEvent.swift; sourceTree = "<group>"; };
		54ED8CDEE4A011B3F1E98DEC /* APIModelTests.swift */ = {isa = PBXFileReference; lastKnownFileType = sourcecode.swift; path = APIModelTests.swift; sourceTree = "<group>"; };
		581FC5DEB07D81F99E874863 /* SessionStatus.swift */ = {isa = PBXFileReference; lastKnownFileType = sourcecode.swift; path = SessionStatus.swift; sourceTree = "<group>"; };
		594B52357EC36C24911FAE9D /* CodeBlockView.swift */ = {isa = PBXFileReference; lastKnownFileType = sourcecode.swift; path = CodeBlockView.swift; sourceTree = "<group>"; };
		5BEDF90B65945E061443F7CE /* ServerEditView.swift */ = {isa = PBXFileReference; lastKnownFileType = sourcecode.swift; path = ServerEditView.swift; sourceTree = "<group>"; };
		66F5D68D60C7339B60BD1FFF /* HealthResponse.swift */ = {isa = PBXFileReference; lastKnownFileType = sourcecode.swift; path = HealthResponse.swift; sourceTree = "<group>"; };
		6887707C6A779ADA603B996C /* MessageListView.swift */ = {isa = PBXFileReference; lastKnownFileType = sourcecode.swift; path = MessageListView.swift; sourceTree = "<group>"; };
		6BDA0E6A62D4D7F6897DA4B7 /* Theme.swift */ = {isa = PBXFileReference; lastKnownFileType = sourcecode.swift; path = Theme.swift; sourceTree = "<group>"; };
		716245A14730A65DB5B39CAD /* KeychainHelper.swift */ = {isa = PBXFileReference; lastKnownFileType = sourcecode.swift; path = KeychainHelper.swift; sourceTree = "<group>"; };
		76EC5E3440909F0602F21113 /* TerminalViewModel.swift */ = {isa = PBXFileReference; lastKnownFileType = sourcecode.swift; path = TerminalViewModel.swift; sourceTree = "<group>"; };
		7A1929E7C25A7E4044EA73FC /* FileBrowserViewModel.swift */ = {isa = PBXFileReference; lastKnownFileType = sourcecode.swift; path = FileBrowserViewModel.swift; sourceTree = "<group>"; };
		7F2D55C69F90B6BD30FA7285 /* GhosttyTerminalSession.swift */ = {isa = PBXFileReference; lastKnownFileType = sourcecode.swift; path = GhosttyTerminalSession.swift; sourceTree = "<group>"; };
		82062C38033E41F58A1FB1A2 /* OpenCodeNexusApp.swift */ = {isa = PBXFileReference; lastKnownFileType = sourcecode.swift; path = OpenCodeNexusApp.swift; sourceTree = "<group>"; };
		87D42A9889DF3D712D43AF4C /* PureLogicTests.swift */ = {isa = PBXFileReference; lastKnownFileType = sourcecode.swift; path = PureLogicTests.swift; sourceTree = "<group>"; };
		88A02EA1C27385BA5B352FAC /* Date+Relative.swift */ = {isa = PBXFileReference; lastKnownFileType = sourcecode.swift; path = "Date+Relative.swift"; sourceTree = "<group>"; };
		8F292817549F82791FFD0F12 /* MessageInputView.swift */ = {isa = PBXFileReference; lastKnownFileType = sourcecode.swift; path = MessageInputView.swift; sourceTree = "<group>"; };
		8FF9549D321D5BCEA13CB9C0 /* ChatViewModelTests.swift */ = {isa = PBXFileReference; lastKnownFileType = sourcecode.swift; path = ChatViewModelTests.swift; sourceTree = "<group>"; };
		95DB3256CDEECF646B65014E /* DiffParser.swift */ = {isa = PBXFileReference; lastKnownFileType = sourcecode.swift; path = DiffParser.swift; sourceTree = "<group>"; };
		964682270755D4FDA43DDDB5 /* PermissionSheet.swift */ = {isa = PBXFileReference; lastKnownFileType = sourcecode.swift; path = PermissionSheet.swift; sourceTree = "<group>"; };
		983FF3DF111E01C2CFE0F5CC /* MarkdownRenderer.swift */ = {isa = PBXFileReference; lastKnownFileType = sourcecode.swift; path = MarkdownRenderer.swift; sourceTree = "<group>"; };
		9951D90FCF78841C56ECAE55 /* OpenCodeClient.swift */ = {isa = PBXFileReference; lastKnownFileType = sourcecode.swift; path = OpenCodeClient.swift; sourceTree = "<group>"; };
		9CAB80D83422C5DFA173A312 /* FileDiffView.swift */ = {isa = PBXFileReference; lastKnownFileType = sourcecode.swift; path = FileDiffView.swift; sourceTree = "<group>"; };
		9DD804708148727FF13D225B /* OpenCodeClientTests.swift */ = {isa = PBXFileReference; lastKnownFileType = sourcecode.swift; path = OpenCodeClientTests.swift; sourceTree = "<group>"; };
		A3D356E2268FC800E936544B /* OpenCodeNexus.app */ = {isa = PBXFileReference; includeInIndex = 0; lastKnownFileType = wrapper.application; path = OpenCodeNexus.app; sourceTree = BUILT_PRODUCTS_DIR; };
		A478B04936AE9B19FBA23AFC /* Message.swift */ = {isa = PBXFileReference; lastKnownFileType = sourcecode.swift; path = Message.swift; sourceTree = "<group>"; };
		A91D043F81D214D1DEC80A43 /* FileBrowserView.swift */ = {isa = PBXFileReference; lastKnownFileType = sourcecode.swift; path = FileBrowserView.swift; sourceTree = "<group>"; };
		AD5368C5D8095FC39F621390 /* ServerStore.swift */ = {isa = PBXFileReference; lastKnownFileType = sourcecode.swift; path = ServerStore.swift; sourceTree = "<group>"; };
		AEF1D2215CAEC9FCEFCDA04F /* SyntaxHighlighter.swift */ = {isa = PBXFileReference; lastKnownFileType = sourcecode.swift; path = SyntaxHighlighter.swift; sourceTree = "<group>"; };
		AF0A5F3B5C9446912C4392D5 /* SSEEventTests.swift */ = {isa = PBXFileReference; lastKnownFileType = sourcecode.swift; path = SSEEventTests.swift; sourceTree = "<group>"; };
		AFF592E1D8E427925AA8BF1F /* ModelAgentPicker.swift */ = {isa = PBXFileReference; lastKnownFileType = sourcecode.swift; path = ModelAgentPicker.swift; sourceTree = "<group>"; };
		B106DBE21B222FA52B3C7508 /* PtyTransport.swift */ = {isa = PBXFileReference; lastKnownFileType = sourcecode.swift; path = PtyTransport.swift; sourceTree = "<group>"; };
		B27FCBC9BF218D0BDE349EA0 /* ConnectionManager.swift */ = {isa = PBXFileReference; lastKnownFileType = sourcecode.swift; path = ConnectionManager.swift; sourceTree = "<group>"; };
		B2AC35FF7DE91875A03E5ED5 /* SessionModelTests.swift */ = {isa = PBXFileReference; lastKnownFileType = sourcecode.swift; path = SessionModelTests.swift; sourceTree = "<group>"; };
		B616B2F92CAD9434DB1984D2 /* ServerStoreTests.swift */ = {isa = PBXFileReference; lastKnownFileType = sourcecode.swift; path = ServerStoreTests.swift; sourceTree = "<group>"; };
		BB70ABF88ABB6E4EA620A427 /* Session.swift */ = {isa = PBXFileReference; lastKnownFileType = sourcecode.swift; path = Session.swift; sourceTree = "<group>"; };
		C276DC86CAE0F22CFFC38C6A /* RootView.swift */ = {isa = PBXFileReference; lastKnownFileType = sourcecode.swift; path = RootView.swift; sourceTree = "<group>"; };
		C2E5E83B891FFBB105D3209C /* ChatView.swift */ = {isa = PBXFileReference; lastKnownFileType = sourcecode.swift; path = ChatView.swift; sourceTree = "<group>"; };
		C355768023A130D92EB12564 /* SessionRow.swift */ = {isa = PBXFileReference; lastKnownFileType = sourcecode.swift; path = SessionRow.swift; sourceTree = "<group>"; };
		C367D28BEFE3ADA0C7245E1A /* ViewBodyTests.swift */ = {isa = PBXFileReference; lastKnownFileType = sourcecode.swift; path = ViewBodyTests.swift; sourceTree = "<group>"; };
		C3EC84FB23B7B55D1CBD41DE /* ToolOutputViews.swift */ = {isa = PBXFileReference; lastKnownFileType = sourcecode.swift; path = ToolOutputViews.swift; sourceTree = "<group>"; };
		C4AC6EC667FD9589409DC033 /* OpenCodeNexusIntegrationTests.xctest */ = {isa = PBXFileReference; includeInIndex = 0; lastKnownFileType = wrapper.cfbundle; path = OpenCodeNexusIntegrationTests.xctest; sourceTree = BUILT_PRODUCTS_DIR; };
		C98143E40A322565D17B50C5 /* ConnectionFlowTests.swift */ = {isa = PBXFileReference; lastKnownFileType = sourcecode.swift; path = ConnectionFlowTests.swift; sourceTree = "<group>"; };
		CD5BA6D13E4B9A704A3794A8 /* Part.swift */ = {isa = PBXFileReference; lastKnownFileType = sourcecode.swift; path = Part.swift; sourceTree = "<group>"; };
		D17BB1EC54969D76E5747EF2 /* MarkdownSegment.swift */ = {isa = PBXFileReference; lastKnownFileType = sourcecode.swift; path = MarkdownSegment.swift; sourceTree = "<group>"; };
		DD23EBEA8CA29115B6960EA2 /* KeychainHelperTests.swift */ = {isa = PBXFileReference; lastKnownFileType = sourcecode.swift; path = KeychainHelperTests.swift; sourceTree = "<group>"; };
		E3D36E2AA39FE21AAC30AB60 /* SSEStreamTests.swift */ = {isa = PBXFileReference; lastKnownFileType = sourcecode.swift; path = SSEStreamTests.swift; sourceTree = "<group>"; };
		E8942A263B53F5111925375A /* MessageModelTests.swift */ = {isa = PBXFileReference; lastKnownFileType = sourcecode.swift; path = MessageModelTests.swift; sourceTree = "<group>"; };
		F179AC9344EBE84B06F09A19 /* OpenCodeNexusTests.xctest */ = {isa = PBXFileReference; includeInIndex = 0; lastKnownFileType = wrapper.cfbundle; path = OpenCodeNexusTests.xctest; sourceTree = BUILT_PRODUCTS_DIR; };
		F53314D986BB4B60838F6717 /* FileBrowserViewModelTests.swift */ = {isa = PBXFileReference; lastKnownFileType = sourcecode.swift; path = FileBrowserViewModelTests.swift; sourceTree = "<group>"; };
		FDAE3761501B5A68009A3BF8 /* TerminalView.swift */ = {isa = PBXFileReference; lastKnownFileType = sourcecode.swift; path = TerminalView.swift; sourceTree = "<group>"; };
		FF0096CB445B09D44A6B6E6B /* APIModels.swift */ = {isa = PBXFileReference; lastKnownFileType = sourcecode.swift; path = APIModels.swift; sourceTree = "<group>"; };
/* End PBXFileReference section */

/* Begin PBXFrameworksBuildPhase section */
		0ECBFF2946CD184F7E436524 /* Frameworks */ = {
			isa = PBXFrameworksBuildPhase;
			buildActionMask = 2147483647;
			files = (
				94BB5E75A84B08541FC2FA5C /* GhosttyTerminal in Frameworks */,
			);
			runOnlyForDeploymentPostprocessing = 0;
		};
/* End PBXFrameworksBuildPhase section */

/* Begin PBXGroup section */
		0902C529CA13F6B7AC0AACEF /* Views */ = {
			isa = PBXGroup;
			children = (
				C2E5E83B891FFBB105D3209C /* ChatView.swift */,
				0430BF58A82E99D3B9B9BF54 /* ConnectView.swift */,
				3773F45614C0EE6E2E8C1761 /* DiffSheet.swift */,
				A91D043F81D214D1DEC80A43 /* FileBrowserView.swift */,
				36724FECF733FF9CF910CB6E /* FileViewerView.swift */,
				316FAB7BED82340DC6FED47F /* MessageBubble.swift */,
				8F292817549F82791FFD0F12 /* MessageInputView.swift */,
				6887707C6A779ADA603B996C /* MessageListView.swift */,
				AFF592E1D8E427925AA8BF1F /* ModelAgentPicker.swift */,
				3EFAEAA7ABE31AE3CF95B7CB /* NewSessionView.swift */,
				964682270755D4FDA43DDDB5 /* PermissionSheet.swift */,
				159E783BE7AC63E7C547D66D /* QuestionSheet.swift */,
				5BEDF90B65945E061443F7CE /* ServerEditView.swift */,
				1C3134FC2ADFD53140850495 /* ServerListView.swift */,
				C355768023A130D92EB12564 /* SessionRow.swift */,
				131BF98633178B7C41B89D50 /* Diff */,
				8FFF657F026DECA0F68821A6 /* Markdown */,
				5D8664221E338536EC1A8A94 /* Terminal */,
				5FA21E64A53E16D82799CBAD /* Tools */,
			);
			path = Views;
			sourceTree = "<group>";
		};
		10109788E5DE35342D96B7F5 /* OpenCodeNexusE2ETests */ = {
			isa = PBXGroup;
			children = (
				3B7B075B19B01A1B0EDC32CB /* AppLaunchTests.swift */,
				C98143E40A322565D17B50C5 /* ConnectionFlowTests.swift */,
			);
			path = OpenCodeNexusE2ETests;
			sourceTree = "<group>";
		};
		131BF98633178B7C41B89D50 /* Diff */ = {
			isa = PBXGroup;
			children = (
				327688E5B8352D428C857EBF /* DiffLineView.swift */,
				95DB3256CDEECF646B65014E /* DiffParser.swift */,
				9CAB80D83422C5DFA173A312 /* FileDiffView.swift */,
			);
			path = Diff;
			sourceTree = "<group>";
		};
		28DCE0B44E2EDDA3E4E173E6 /* Products */ = {
			isa = PBXGroup;
			children = (
				A3D356E2268FC800E936544B /* OpenCodeNexus.app */,
				2BB772607D37D40E5C0EC8EA /* OpenCodeNexusE2ETests.xctest */,
				C4AC6EC667FD9589409DC033 /* OpenCodeNexusIntegrationTests.xctest */,
				F179AC9344EBE84B06F09A19 /* OpenCodeNexusTests.xctest */,
			);
			name = Products;
			sourceTree = "<group>";
		};
		4C8B512E75B9EAAA0282793E /* Services */ = {
			isa = PBXGroup;
			children = (
				7F2D55C69F90B6BD30FA7285 /* GhosttyTerminalSession.swift */,
				716245A14730A65DB5B39CAD /* KeychainHelper.swift */,
				9951D90FCF78841C56ECAE55 /* OpenCodeClient.swift */,
				B106DBE21B222FA52B3C7508 /* PtyTransport.swift */,
			);
			path = Services;
			sourceTree = "<group>";
		};
		5D8664221E338536EC1A8A94 /* Terminal */ = {
			isa = PBXGroup;
			children = (
				FDAE3761501B5A68009A3BF8 /* TerminalView.swift */,
				76EC5E3440909F0602F21113 /* TerminalViewModel.swift */,
			);
			path = Terminal;
			sourceTree = "<group>";
		};
		5FA21E64A53E16D82799CBAD /* Tools */ = {
			isa = PBXGroup;
			children = (
				C3EC84FB23B7B55D1CBD41DE /* ToolOutputViews.swift */,
			);
			path = Tools;
			sourceTree = "<group>";
		};
		6A6B877A1A12D66F8DE9F2BA /* OpenCodeNexusIntegrationTests */ = {
			isa = PBXGroup;
			children = (
				1354F682053FA23504CF5B63 /* MockServerTests.swift */,
				E3D36E2AA39FE21AAC30AB60 /* SSEStreamTests.swift */,
			);
			path = OpenCodeNexusIntegrationTests;
			sourceTree = "<group>";
		};
		8FFF657F026DECA0F68821A6 /* Markdown */ = {
			isa = PBXGroup;
			children = (
				594B52357EC36C24911FAE9D /* CodeBlockView.swift */,
				983FF3DF111E01C2CFE0F5CC /* MarkdownRenderer.swift */,
				D17BB1EC54969D76E5747EF2 /* MarkdownSegment.swift */,
				AEF1D2215CAEC9FCEFCDA04F /* SyntaxHighlighter.swift */,
			);
			path = Markdown;
			sourceTree = "<group>";
		};
		A30443D43310F661761D0E19 /* ViewModels */ = {
			isa = PBXGroup;
			children = (
				1512D12751E0D58E6A416F8B /* ChatViewModel.swift */,
				B27FCBC9BF218D0BDE349EA0 /* ConnectionManager.swift */,
				7A1929E7C25A7E4044EA73FC /* FileBrowserViewModel.swift */,
				AD5368C5D8095FC39F621390 /* ServerStore.swift */,
			);
			path = ViewModels;
			sourceTree = "<group>";
		};
		CBC039C545E15D6D85CEA21E /* OpenCodeNexusTests */ = {
			isa = PBXGroup;
			children = (
				54ED8CDEE4A011B3F1E98DEC /* APIModelTests.swift */,
				4685F5505C8E9653A850F9FB /* BuildSmokeTests.swift */,
				8FF9549D321D5BCEA13CB9C0 /* ChatViewModelTests.swift */,
				25803025008272C3CC55E776 /* ConnectionManagerTests.swift */,
				F53314D986BB4B60838F6717 /* FileBrowserViewModelTests.swift */,
				DD23EBEA8CA29115B6960EA2 /* KeychainHelperTests.swift */,
				E8942A263B53F5111925375A /* MessageModelTests.swift */,
				9DD804708148727FF13D225B /* OpenCodeClientTests.swift */,
				87D42A9889DF3D712D43AF4C /* PureLogicTests.swift */,
				2F6134B625A81805C5BC85CC /* ServerConfigTests.swift */,
				B616B2F92CAD9434DB1984D2 /* ServerStoreTests.swift */,
				B2AC35FF7DE91875A03E5ED5 /* SessionModelTests.swift */,
				AF0A5F3B5C9446912C4392D5 /* SSEEventTests.swift */,
				184A0DD95D82A76543A93570 /* TerminalViewModelTests.swift */,
				233836E31B7A534925E45F9A /* TestHelpers.swift */,
				C367D28BEFE3ADA0C7245E1A /* ViewBodyTests.swift */,
			);
			path = OpenCodeNexusTests;
			sourceTree = "<group>";
		};
		DAAB5AE6D35BEA92A4853897 /* Extensions */ = {
			isa = PBXGroup;
			children = (
				88A02EA1C27385BA5B352FAC /* Date+Relative.swift */,
			);
			path = Extensions;
			sourceTree = "<group>";
		};
		E2700E6CE9E7BD1FCA24E59E = {
			isa = PBXGroup;
			children = (
				E4F4BCF6B5ADC30D140F02E6 /* OpenCodeNexus */,
				10109788E5DE35342D96B7F5 /* OpenCodeNexusE2ETests */,
				6A6B877A1A12D66F8DE9F2BA /* OpenCodeNexusIntegrationTests */,
				CBC039C545E15D6D85CEA21E /* OpenCodeNexusTests */,
				28DCE0B44E2EDDA3E4E173E6 /* Products */,
			);
			sourceTree = "<group>";
		};
		E4F4BCF6B5ADC30D140F02E6 /* OpenCodeNexus */ = {
			isa = PBXGroup;
			children = (
				0FE8544DEF0289F135147523 /* Assets.xcassets */,
				22578BFECF2F7F7E4B740809 /* Info.plist */,
				2E58C722D4E37BAEEB1BC7F5 /* OpenCodeNexus.entitlements */,
				82062C38033E41F58A1FB1A2 /* OpenCodeNexusApp.swift */,
				C276DC86CAE0F22CFFC38C6A /* RootView.swift */,
				6BDA0E6A62D4D7F6897DA4B7 /* Theme.swift */,
				DAAB5AE6D35BEA92A4853897 /* Extensions */,
				EFC9F276D2B751E94D3F2E5F /* Models */,
				4C8B512E75B9EAAA0282793E /* Services */,
				A30443D43310F661761D0E19 /* ViewModels */,
				0902C529CA13F6B7AC0AACEF /* Views */,
			);
			path = OpenCodeNexus;
			sourceTree = "<group>";
		};
		EFC9F276D2B751E94D3F2E5F /* Models */ = {
			isa = PBXGroup;
			children = (
				FF0096CB445B09D44A6B6E6B /* APIModels.swift */,
				66F5D68D60C7339B60BD1FFF /* HealthResponse.swift */,
				A478B04936AE9B19FBA23AFC /* Message.swift */,
				CD5BA6D13E4B9A704A3794A8 /* Part.swift */,
				4DE227633BB56FCD80D4D311 /* Project.swift */,
				35736001E532DD65C0A0D95B /* Pty.swift */,
				37A20AD8D4CC32E13FCAA8B9 /* ServerConfig.swift */,
				BB70ABF88ABB6E4EA620A427 /* Session.swift */,
				581FC5DEB07D81F99E874863 /* SessionStatus.swift */,
				50D4D536CFBC65D89DE969F1 /* SSEEvent.swift */,
			);
			path = Models;
			sourceTree = "<group>";
		};
/* End PBXGroup section */

/* Begin PBXNativeTarget section */
		2089A0A11094BD7A39658871 /* OpenCodeNexusIntegrationTests */ = {
			isa = PBXNativeTarget;
			buildConfigurationList = 0DA987CBE6FAE6CAE7F541F5 /* Build configuration list for PBXNativeTarget "OpenCodeNexusIntegrationTests" */;
			buildPhases = (
				60DE997691499D7EACEFF216 /* Sources */,
			);
			buildRules = (
			);
			dependencies = (
				99108EC4E3B40E810012D50C /* PBXTargetDependency */,
			);
			name = OpenCodeNexusIntegrationTests;
			packageProductDependencies = (
			);
			productName = OpenCodeNexusIntegrationTests;
			productReference = C4AC6EC667FD9589409DC033 /* OpenCodeNexusIntegrationTests.xctest */;
			productType = "com.apple.product-type.bundle.unit-test";
		};
		7873163F1A90A001669D3EFA /* OpenCodeNexus */ = {
			isa = PBXNativeTarget;
			buildConfigurationList = DB2A7978DAA050E3EC59798C /* Build configuration list for PBXNativeTarget "OpenCodeNexus" */;
			buildPhases = (
				472B1783E1B3816D9FF7515B /* Sources */,
				ABE20367EC7E73B10CF61B11 /* Resources */,
				0ECBFF2946CD184F7E436524 /* Frameworks */,
			);
			buildRules = (
			);
			dependencies = (
			);
			name = OpenCodeNexus;
			packageProductDependencies = (
				6BBA8E4B381BFE48B3BFE567 /* GhosttyTerminal */,
			);
			productName = OpenCodeNexus;
			productReference = A3D356E2268FC800E936544B /* OpenCodeNexus.app */;
			productType = "com.apple.product-type.application";
		};
		8267EDF6C4E0CF6BB43595B1 /* OpenCodeNexusTests */ = {
			isa = PBXNativeTarget;
			buildConfigurationList = 0909800DA94924A486ADC1C2 /* Build configuration list for PBXNativeTarget "OpenCodeNexusTests" */;
			buildPhases = (
				A2D35D6388A98904C999ACB2 /* Sources */,
			);
			buildRules = (
			);
			dependencies = (
				57EDF6429DA65195B7BDF105 /* PBXTargetDependency */,
			);
			name = OpenCodeNexusTests;
			packageProductDependencies = (
			);
			productName = OpenCodeNexusTests;
			productReference = F179AC9344EBE84B06F09A19 /* OpenCodeNexusTests.xctest */;
			productType = "com.apple.product-type.bundle.unit-test";
		};
		CE29B393846C938EF9862C4C /* OpenCodeNexusE2ETests */ = {
			isa = PBXNativeTarget;
			buildConfigurationList = E441F43D818C19A872A702F3 /* Build configuration list for PBXNativeTarget "OpenCodeNexusE2ETests" */;
			buildPhases = (
				790B0CAEF98E623A7D2D966D /* Sources */,
			);
			buildRules = (
			);
			dependencies = (
				4AB5C6AFAAD0257CC18FD400 /* PBXTargetDependency */,
			);
			name = OpenCodeNexusE2ETests;
			packageProductDependencies = (
			);
			productName = OpenCodeNexusE2ETests;
			productReference = 2BB772607D37D40E5C0EC8EA /* OpenCodeNexusE2ETests.xctest */;
			productType = "com.apple.product-type.bundle.ui-testing";
		};
/* End PBXNativeTarget section */

/* Begin PBXProject section */
		EC01B3C4C4A6754973C1EFB5 /* Project object */ = {
			isa = PBXProject;
			attributes = {
				BuildIndependentTargetsInParallel = YES;
				LastUpgradeCheck = 2600;
				TargetAttributes = {
					7873163F1A90A001669D3EFA = {
						ProvisioningStyle = Automatic;
					};
					CE29B393846C938EF9862C4C = {
						TestTargetID = 7873163F1A90A001669D3EFA;
					};
				};
			};
			buildConfigurationList = 1DF46810AEFA285EE59D3AE2 /* Build configuration list for PBXProject "OpenCodeNexus" */;
			developmentRegion = en;
			hasScannedForEncodings = 0;
			knownRegions = (
				Base,
				en,
			);
			mainGroup = E2700E6CE9E7BD1FCA24E59E;
			minimizedProjectReferenceProxies = 1;
			packageReferences = (
				7C4D5F1A73234A6DDDE18261 /* XCRemoteSwiftPackageReference "libghostty-spm" */,
			);
			preferredProjectObjectVersion = 77;
			productRefGroup = 28DCE0B44E2EDDA3E4E173E6 /* Products */;
			projectDirPath = "";
			projectRoot = "";
			targets = (
				7873163F1A90A001669D3EFA /* OpenCodeNexus */,
				CE29B393846C938EF9862C4C /* OpenCodeNexusE2ETests */,
				2089A0A11094BD7A39658871 /* OpenCodeNexusIntegrationTests */,
				8267EDF6C4E0CF6BB43595B1 /* OpenCodeNexusTests */,
			);
		};
/* End PBXProject section */

/* Begin PBXResourcesBuildPhase section */
		ABE20367EC7E73B10CF61B11 /* Resources */ = {
			isa = PBXResourcesBuildPhase;
			buildActionMask = 2147483647;
			files = (
				E6E2BB44528E0F6A4AA15374 /* Assets.xcassets in Resources */,
			);
			runOnlyForDeploymentPostprocessing = 0;
		};
/* End PBXResourcesBuildPhase section */

/* Begin PBXSourcesBuildPhase section */
		472B1783E1B3816D9FF7515B /* Sources */ = {
			isa = PBXSourcesBuildPhase;
			buildActionMask = 2147483647;
			files = (
				2410D976B15DA006D705C535 /* APIModels.swift in Sources */,
				68DD20828373CDC6503B31F0 /* ChatView.swift in Sources */,
				5CA88E8CE4D373D62C4EBE85 /* ChatViewModel.swift in Sources */,
				2BD759D71B39BEB3B7293EAF /* CodeBlockView.swift in Sources */,
				9DF1C2833B43FE13A6295232 /* ConnectView.swift in Sources */,
				002BA9E7CDB3E5874F2EEDDE /* ConnectionManager.swift in Sources */,
				E0690F73FA2B8D33428C2626 /* Date+Relative.swift in Sources */,
				72C93D90C66458F1A72B7336 /* DiffLineView.swift in Sources */,
				E8576D21DFE0764CFC39EB0A /* DiffParser.swift in Sources */,
				9F90D3518DEADF5C9CF1FD08 /* DiffSheet.swift in Sources */,
				28146A7750E862F8F51D10DA /* FileBrowserView.swift in Sources */,
				8C0E9F5292F3E86FC147D141 /* FileBrowserViewModel.swift in Sources */,
				B41FE633E7F41E2D716AEEDF /* FileDiffView.swift in Sources */,
				4A777661AF1C62AA7A1B602B /* FileViewerView.swift in Sources */,
				7CF368A07747319392A4ADCE /* GhosttyTerminalSession.swift in Sources */,
				4240D60027C5C9D768FB1273 /* HealthResponse.swift in Sources */,
				256F5F07CFACDD25B736FEFE /* KeychainHelper.swift in Sources */,
				EAF19810C5EF6E32C9E412CB /* MarkdownRenderer.swift in Sources */,
				7A8BF441929167BE16C13B0A /* MarkdownSegment.swift in Sources */,
				1F1CF26F5275D7B15F69D613 /* Message.swift in Sources */,
				50B912B2A4A15305B2FD2274 /* MessageBubble.swift in Sources */,
				C83FF54475B038351DFB9569 /* MessageInputView.swift in Sources */,
				51648E7E471696AC13AA113D /* MessageListView.swift in Sources */,
				5F7B1021D72B10BFEF22553C /* ModelAgentPicker.swift in Sources */,
				C9738BAF201F282FFA36C7ED /* NewSessionView.swift in Sources */,
				00C98A22B90F84419A9383FF /* OpenCodeClient.swift in Sources */,
				7AA1F4FC9686F31ABBFF6474 /* OpenCodeNexusApp.swift in Sources */,
				60D7047D64CCD7DB122E5938 /* Part.swift in Sources */,
				67F1E7D59D8300ABC13E5236 /* PermissionSheet.swift in Sources */,
				C9AE2EB9FCCF091ED0F2B18B /* Project.swift in Sources */,
				6C1D80FE2C4A4007A0929F41 /* Pty.swift in Sources */,
				78BA8D332AD6C0981DFBA239 /* PtyTransport.swift in Sources */,
				14123C80FB6221D151DD6BC3 /* QuestionSheet.swift in Sources */,
				2A0F4D5F0A9BE0CFF03709B5 /* RootView.swift in Sources */,
				4DDDACC9EF36F73FDDE47F51 /* SSEEvent.swift in Sources */,
				9E4342B11CD3BC95ECC169C7 /* ServerConfig.swift in Sources */,
				642AFE53511A2BC2B300141B /* ServerEditView.swift in Sources */,
				9C65F6ECC89275AF8AE07386 /* ServerListView.swift in Sources */,
				4F5B11E54B3BD8A6267E6792 /* ServerStore.swift in Sources */,
				9D129651EBBCF36492800157 /* Session.swift in Sources */,
				194A8326CE8DA6AB6DA9FFB7 /* SessionRow.swift in Sources */,
				7871F4A77396402C69DC5C10 /* SessionStatus.swift in Sources */,
				4747BF8821DC647F65F44F7E /* SyntaxHighlighter.swift in Sources */,
				3917653A22F1600FE7A48CF7 /* TerminalView.swift in Sources */,
				306080D8A60FF2849BD458E7 /* TerminalViewModel.swift in Sources */,
				76271146809D9CD63C763788 /* Theme.swift in Sources */,
				A4007B045264A326FA4BF8FC /* ToolOutputViews.swift in Sources */,
			);
			runOnlyForDeploymentPostprocessing = 0;
		};
		60DE997691499D7EACEFF216 /* Sources */ = {
			isa = PBXSourcesBuildPhase;
			buildActionMask = 2147483647;
			files = (
				D99DE00E9E99B31A0B55478D /* MockServerTests.swift in Sources */,
				57114C1E52641298E3DAB8CF /* SSEStreamTests.swift in Sources */,
			);
			runOnlyForDeploymentPostprocessing = 0;
		};
		790B0CAEF98E623A7D2D966D /* Sources */ = {
			isa = PBXSourcesBuildPhase;
			buildActionMask = 2147483647;
			files = (
				A2A1ABA21577D691A1F559DC /* AppLaunchTests.swift in Sources */,
				13E8E07E2513F1473B94C1CA /* ConnectionFlowTests.swift in Sources */,
			);
			runOnlyForDeploymentPostprocessing = 0;
		};
		A2D35D6388A98904C999ACB2 /* Sources */ = {
			isa = PBXSourcesBuildPhase;
			buildActionMask = 2147483647;
			files = (
				DB07A61518B8AD03A3DDA651 /* APIModelTests.swift in Sources */,
				C7FA9E1D38778A66B37AD19F /* BuildSmokeTests.swift in Sources */,
				26AA75815F38330AE111C91F /* ChatViewModelTests.swift in Sources */,
				218F9E076BAD71D48830D60B /* ConnectionManagerTests.swift in Sources */,
				3B21984106A78CA0EB81AB94 /* FileBrowserViewModelTests.swift in Sources */,
				AAA955A57710435621307F13 /* KeychainHelperTests.swift in Sources */,
				6B88B69848F1CB2002A9D21D /* MessageModelTests.swift in Sources */,
				C2B958AF338753CB921A6DD7 /* OpenCodeClientTests.swift in Sources */,
				A6B26CF6B73FDCE28051C4B7 /* PureLogicTests.swift in Sources */,
				BAB39CEE475BEB9C9F366E53 /* SSEEventTests.swift in Sources */,
				7546B1A0B3DAE72BB9D74E4E /* ServerConfigTests.swift in Sources */,
				CBBAD21B4D975CA1AF113856 /* ServerStoreTests.swift in Sources */,
				B94AF58A39EF57E8AEF155E2 /* SessionModelTests.swift in Sources */,
				06FBA2F053AD9AD1D7169A56 /* TerminalViewModelTests.swift in Sources */,
				744C4E8430A97F7AB2DCBABA /* TestHelpers.swift in Sources */,
				8D4F67FAF1735906DBAA8951 /* ViewBodyTests.swift in Sources */,
			);
			runOnlyForDeploymentPostprocessing = 0;
		};
/* End PBXSourcesBuildPhase section */

/* Begin PBXTargetDependency section */
		4AB5C6AFAAD0257CC18FD400 /* PBXTargetDependency */ = {
			isa = PBXTargetDependency;
			target = 7873163F1A90A001669D3EFA /* OpenCodeNexus */;
			targetProxy = 9868D94B9FC515F2FDDCED9D /* PBXContainerItemProxy */;
		};
		57EDF6429DA65195B7BDF105 /* PBXTargetDependency */ = {
			isa = PBXTargetDependency;
			target = 7873163F1A90A001669D3EFA /* OpenCodeNexus */;
			targetProxy = BEABD62943DD2601DC979E40 /* PBXContainerItemProxy */;
		};
		99108EC4E3B40E810012D50C /* PBXTargetDependency */ = {
			isa = PBXTargetDependency;
			target = 7873163F1A90A001669D3EFA /* OpenCodeNexus */;
			targetProxy = 63A69DCE002E59AA6D67DC13 /* PBXContainerItemProxy */;
		};
/* End PBXTargetDependency section */

/* Begin XCBuildConfiguration section */
		0A3FD7D06E5E990C22500B82 /* Debug */ = {
			isa = XCBuildConfiguration;
			buildSettings = {
				BUNDLE_LOADER = "$(TEST_HOST)";
				DEVELOPMENT_TEAM = PCJU8QD9FN;
				GENERATE_INFOPLIST_FILE = YES;
				LD_RUNPATH_SEARCH_PATHS = (
					"$(inherited)",
					"@executable_path/Frameworks",
					"@loader_path/Frameworks",
				);
				PRODUCT_BUNDLE_IDENTIFIER = "com.agentic-codeflow.opencode-nexus.e2e-tests";
				SDKROOT = iphoneos;
				TARGETED_DEVICE_FAMILY = "1,2";
				TEST_TARGET_NAME = OpenCodeNexus;
			};
			name = Debug;
		};
		12D4DC7D89CDBDBFC4F6C4EA /* SimDebug */ = {
			isa = XCBuildConfiguration;
			buildSettings = {
				ALWAYS_SEARCH_USER_PATHS = NO;
				CLANG_ANALYZER_NONNULL = YES;
				CLANG_ANALYZER_NUMBER_OBJECT_CONVERSION = YES_AGGRESSIVE;
				CLANG_CXX_LANGUAGE_STANDARD = "gnu++14";
				CLANG_CXX_LIBRARY = "libc++";
				CLANG_ENABLE_MODULES = YES;
				CLANG_ENABLE_OBJC_ARC = YES;
				CLANG_ENABLE_OBJC_WEAK = YES;
				CLANG_WARN_BLOCK_CAPTURE_AUTORELEASING = YES;
				CLANG_WARN_BOOL_CONVERSION = YES;
				CLANG_WARN_COMMA = YES;
				CLANG_WARN_CONSTANT_CONVERSION = YES;
				CLANG_WARN_DEPRECATED_OBJC_IMPLEMENTATIONS = YES;
				CLANG_WARN_DIRECT_OBJC_ISA_USAGE = YES_ERROR;
				CLANG_WARN_DOCUMENTATION_COMMENTS = YES;
				CLANG_WARN_EMPTY_BODY = YES;
				CLANG_WARN_ENUM_CONVERSION = YES;
				CLANG_WARN_INFINITE_RECURSION = YES;
				CLANG_WARN_INT_CONVERSION = YES;
				CLANG_WARN_NON_LITERAL_NULL_CONVERSION = YES;
				CLANG_WARN_OBJC_IMPLICIT_RETAIN_SELF = YES;
				CLANG_WARN_OBJC_LITERAL_CONVERSION = YES;
				CLANG_WARN_OBJC_ROOT_CLASS = YES_ERROR;
				CLANG_WARN_QUOTED_INCLUDE_IN_FRAMEWORK_HEADER = YES;
				CLANG_WARN_RANGE_LOOP_ANALYSIS = YES;
				CLANG_WARN_STRICT_PROTOTYPES = YES;
				CLANG_WARN_SUSPICIOUS_MOVE = YES;
				CLANG_WARN_UNGUARDED_AVAILABILITY = YES_AGGRESSIVE;
				CLANG_WARN_UNREACHABLE_CODE = YES;
				CLANG_WARN__DUPLICATE_METHOD_MATCH = YES;
				COPY_PHASE_STRIP = NO;
				CURRENT_PROJECT_VERSION = 1;
				DEBUG_INFORMATION_FORMAT = dwarf;
				ENABLE_STRICT_OBJC_MSGSEND = YES;
				ENABLE_TESTABILITY = YES;
				GCC_C_LANGUAGE_STANDARD = gnu11;
				GCC_DYNAMIC_NO_PIC = NO;
				GCC_NO_COMMON_BLOCKS = YES;
				GCC_OPTIMIZATION_LEVEL = 0;
				GCC_PREPROCESSOR_DEFINITIONS = (
					"$(inherited)",
					"DEBUG=1",
				);
				GCC_WARN_64_TO_32_BIT_CONVERSION = YES;
				GCC_WARN_ABOUT_RETURN_TYPE = YES_ERROR;
				GCC_WARN_UNDECLARED_SELECTOR = YES;
				GCC_WARN_UNINITIALIZED_AUTOS = YES_AGGRESSIVE;
				GCC_WARN_UNUSED_FUNCTION = YES;
				GCC_WARN_UNUSED_VARIABLE = YES;
				IPHONEOS_DEPLOYMENT_TARGET = 26.0;
				MARKETING_VERSION = 1.0.0;
				MTL_ENABLE_DEBUG_INFO = INCLUDE_SOURCE;
				MTL_FAST_MATH = YES;
				ONLY_ACTIVE_ARCH = YES;
				PRODUCT_NAME = "$(TARGET_NAME)";
				SDKROOT = iphoneos;
				SWIFT_ACTIVE_COMPILATION_CONDITIONS = DEBUG;
				SWIFT_OPTIMIZATION_LEVEL = "-Onone";
				SWIFT_VERSION = 6.2;
			};
			name = SimDebug;
		};
		1304B12B4E3F8EA51AF11C55 /* Debug */ = {
			isa = XCBuildConfiguration;
			buildSettings = {
				ALWAYS_SEARCH_USER_PATHS = NO;
				CLANG_ANALYZER_NONNULL = YES;
				CLANG_ANALYZER_NUMBER_OBJECT_CONVERSION = YES_AGGRESSIVE;
				CLANG_CXX_LANGUAGE_STANDARD = "gnu++14";
				CLANG_CXX_LIBRARY = "libc++";
				CLANG_ENABLE_MODULES = YES;
				CLANG_ENABLE_OBJC_ARC = YES;
				CLANG_ENABLE_OBJC_WEAK = YES;
				CLANG_WARN_BLOCK_CAPTURE_AUTORELEASING = YES;
				CLANG_WARN_BOOL_CONVERSION = YES;
				CLANG_WARN_COMMA = YES;
				CLANG_WARN_CONSTANT_CONVERSION = YES;
				CLANG_WARN_DEPRECATED_OBJC_IMPLEMENTATIONS = YES;
				CLANG_WARN_DIRECT_OBJC_ISA_USAGE = YES_ERROR;
				CLANG_WARN_DOCUMENTATION_COMMENTS = YES;
				CLANG_WARN_EMPTY_BODY = YES;
				CLANG_WARN_ENUM_CONVERSION = YES;
				CLANG_WARN_INFINITE_RECURSION = YES;
				CLANG_WARN_INT_CONVERSION = YES;
				CLANG_WARN_NON_LITERAL_NULL_CONVERSION = YES;
				CLANG_WARN_OBJC_IMPLICIT_RETAIN_SELF = YES;
				CLANG_WARN_OBJC_LITERAL_CONVERSION = YES;
				CLANG_WARN_OBJC_ROOT_CLASS = YES_ERROR;
				CLANG_WARN_QUOTED_INCLUDE_IN_FRAMEWORK_HEADER = YES;
				CLANG_WARN_RANGE_LOOP_ANALYSIS = YES;
				CLANG_WARN_STRICT_PROTOTYPES = YES;
				CLANG_WARN_SUSPICIOUS_MOVE = YES;
				CLANG_WARN_UNGUARDED_AVAILABILITY = YES_AGGRESSIVE;
				CLANG_WARN_UNREACHABLE_CODE = YES;
				CLANG_WARN__DUPLICATE_METHOD_MATCH = YES;
				COPY_PHASE_STRIP = NO;
				CURRENT_PROJECT_VERSION = 1;
				DEBUG_INFORMATION_FORMAT = dwarf;
				ENABLE_STRICT_OBJC_MSGSEND = YES;
				ENABLE_TESTABILITY = YES;
				GCC_C_LANGUAGE_STANDARD = gnu11;
				GCC_DYNAMIC_NO_PIC = NO;
				GCC_NO_COMMON_BLOCKS = YES;
				GCC_OPTIMIZATION_LEVEL = 0;
				GCC_PREPROCESSOR_DEFINITIONS = (
					"$(inherited)",
					"DEBUG=1",
				);
				GCC_WARN_64_TO_32_BIT_CONVERSION = YES;
				GCC_WARN_ABOUT_RETURN_TYPE = YES_ERROR;
				GCC_WARN_UNDECLARED_SELECTOR = YES;
				GCC_WARN_UNINITIALIZED_AUTOS = YES_AGGRESSIVE;
				GCC_WARN_UNUSED_FUNCTION = YES;
				GCC_WARN_UNUSED_VARIABLE = YES;
				IPHONEOS_DEPLOYMENT_TARGET = 26.0;
				MARKETING_VERSION = 1.0.0;
				MTL_ENABLE_DEBUG_INFO = INCLUDE_SOURCE;
				MTL_FAST_MATH = YES;
				ONLY_ACTIVE_ARCH = YES;
				PRODUCT_NAME = "$(TARGET_NAME)";
				SDKROOT = iphoneos;
				SWIFT_ACTIVE_COMPILATION_CONDITIONS = DEBUG;
				SWIFT_OPTIMIZATION_LEVEL = "-Onone";
				SWIFT_VERSION = 6.2;
			};
			name = Debug;
		};
		14572A0A6415EA8368FC828E /* SimDebug */ = {
			isa = XCBuildConfiguration;
			buildSettings = {
				BUNDLE_LOADER = "$(TEST_HOST)";
				CODE_SIGNING_ALLOWED = NO;
				CODE_SIGNING_REQUIRED = NO;
				GENERATE_INFOPLIST_FILE = YES;
				LD_RUNPATH_SEARCH_PATHS = (
					"$(inherited)",
					"@executable_path/Frameworks",
					"@loader_path/Frameworks",
				);
				PRODUCT_BUNDLE_IDENTIFIER = "com.agentic-codeflow.opencode-nexus.integration-tests";
				SDKROOT = iphoneos;
				TARGETED_DEVICE_FAMILY = "1,2";
				TEST_HOST = "$(BUILT_PRODUCTS_DIR)/OpenCodeNexus.app/$(BUNDLE_EXECUTABLE_FOLDER_PATH)/OpenCodeNexus";
			};
			name = SimDebug;
		};
		1FC1C3D788192FEB1F7A49C4 /* SimDebug */ = {
			isa = XCBuildConfiguration;
			buildSettings = {
				BUNDLE_LOADER = "$(TEST_HOST)";
				CODE_SIGNING_ALLOWED = NO;
				CODE_SIGNING_REQUIRED = NO;
				GENERATE_INFOPLIST_FILE = YES;
				LD_RUNPATH_SEARCH_PATHS = (
					"$(inherited)",
					"@executable_path/Frameworks",
					"@loader_path/Frameworks",
				);
				PRODUCT_BUNDLE_IDENTIFIER = "com.agentic-codeflow.opencode-nexus.tests";
				SDKROOT = iphoneos;
				TARGETED_DEVICE_FAMILY = "1,2";
				TEST_HOST = "$(BUILT_PRODUCTS_DIR)/OpenCodeNexus.app/$(BUNDLE_EXECUTABLE_FOLDER_PATH)/OpenCodeNexus";
			};
			name = SimDebug;
		};
		25C47A5BC4432DF8E4B8744B /* Release */ = {
			isa = XCBuildConfiguration;
			buildSettings = {
				BUNDLE_LOADER = "$(TEST_HOST)";
				GENERATE_INFOPLIST_FILE = YES;
				LD_RUNPATH_SEARCH_PATHS = (
					"$(inherited)",
					"@executable_path/Frameworks",
					"@loader_path/Frameworks",
				);
				PRODUCT_BUNDLE_IDENTIFIER = "com.agentic-codeflow.opencode-nexus.e2e-tests";
				SDKROOT = iphoneos;
				TARGETED_DEVICE_FAMILY = "1,2";
				TEST_TARGET_NAME = OpenCodeNexus;
			};
			name = Release;
		};
		36BC8C705C822AC119F7743B /* Debug */ = {
			isa = XCBuildConfiguration;
			buildSettings = {
				ASSETCATALOG_COMPILER_APPICON_NAME = AppIcon;
				ASSETCATALOG_COMPILER_GLOBAL_ACCENT_COLOR_NAME = AccentColor;
				CODE_SIGN_IDENTITY = "Apple Development";
				CODE_SIGN_STYLE = Automatic;
				DEVELOPMENT_TEAM = PCJU8QD9FN;
				ENABLE_TESTABILITY = YES;
				GENERATE_INFOPLIST_FILE = NO;
				INFOPLIST_FILE = OpenCodeNexus/Info.plist;
				LD_RUNPATH_SEARCH_PATHS = (
					"$(inherited)",
					"@executable_path/Frameworks",
				);
				PRODUCT_BUNDLE_IDENTIFIER = "com.agentic-codeflow.opencode-nexus";
				SDKROOT = iphoneos;
				SWIFT_EMIT_LOC_STRINGS = YES;
				TARGETED_DEVICE_FAMILY = "1,2";
			};
			name = Debug;
		};
		75473F64F6DD5F06EB5A0BD1 /* Release */ = {
			isa = XCBuildConfiguration;
			buildSettings = {
				ASSETCATALOG_COMPILER_APPICON_NAME = AppIcon;
				ASSETCATALOG_COMPILER_GLOBAL_ACCENT_COLOR_NAME = AccentColor;
				CODE_SIGN_IDENTITY = "iPhone Developer";
				CODE_SIGN_STYLE = Automatic;
				ENABLE_TESTABILITY = YES;
				GENERATE_INFOPLIST_FILE = NO;
				INFOPLIST_FILE = OpenCodeNexus/Info.plist;
				LD_RUNPATH_SEARCH_PATHS = (
					"$(inherited)",
					"@executable_path/Frameworks",
				);
				PRODUCT_BUNDLE_IDENTIFIER = "com.agentic-codeflow.opencode-nexus";
				SDKROOT = iphoneos;
				SWIFT_EMIT_LOC_STRINGS = YES;
				TARGETED_DEVICE_FAMILY = "1,2";
			};
			name = Release;
		};
		771C73135966783BC1056506 /* Release */ = {
			isa = XCBuildConfiguration;
			buildSettings = {
				BUNDLE_LOADER = "$(TEST_HOST)";
				GENERATE_INFOPLIST_FILE = YES;
				LD_RUNPATH_SEARCH_PATHS = (
					"$(inherited)",
					"@executable_path/Frameworks",
					"@loader_path/Frameworks",
				);
				PRODUCT_BUNDLE_IDENTIFIER = "com.agentic-codeflow.opencode-nexus.integration-tests";
				SDKROOT = iphoneos;
				TARGETED_DEVICE_FAMILY = "1,2";
				TEST_HOST = "$(BUILT_PRODUCTS_DIR)/OpenCodeNexus.app/$(BUNDLE_EXECUTABLE_FOLDER_PATH)/OpenCodeNexus";
			};
			name = Release;
		};
		7FD315BFCEB3322A56C1BBEA /* SimDebug */ = {
			isa = XCBuildConfiguration;
			buildSettings = {
				BUNDLE_LOADER = "$(TEST_HOST)";
				CODE_SIGNING_ALLOWED = NO;
				CODE_SIGNING_REQUIRED = NO;
				GENERATE_INFOPLIST_FILE = YES;
				LD_RUNPATH_SEARCH_PATHS = (
					"$(inherited)",
					"@executable_path/Frameworks",
					"@loader_path/Frameworks",
				);
				PRODUCT_BUNDLE_IDENTIFIER = "com.agentic-codeflow.opencode-nexus.e2e-tests";
				SDKROOT = iphoneos;
				TARGETED_DEVICE_FAMILY = "1,2";
				TEST_TARGET_NAME = OpenCodeNexus;
			};
			name = SimDebug;
		};
		9BC20F476AE6E2899450C268 /* Debug */ = {
			isa = XCBuildConfiguration;
			buildSettings = {
				BUNDLE_LOADER = "$(TEST_HOST)";
				DEVELOPMENT_TEAM = PCJU8QD9FN;
				GENERATE_INFOPLIST_FILE = YES;
				LD_RUNPATH_SEARCH_PATHS = (
					"$(inherited)",
					"@executable_path/Frameworks",
					"@loader_path/Frameworks",
				);
				PRODUCT_BUNDLE_IDENTIFIER = "com.agentic-codeflow.opencode-nexus.tests";
				SDKROOT = iphoneos;
				TARGETED_DEVICE_FAMILY = "1,2";
				TEST_HOST = "$(BUILT_PRODUCTS_DIR)/OpenCodeNexus.app/$(BUNDLE_EXECUTABLE_FOLDER_PATH)/OpenCodeNexus";
			};
			name = Debug;
		};
		B8B5669508DBB4E0A10DF454 /* Release */ = {
			isa = XCBuildConfiguration;
			buildSettings = {
				BUNDLE_LOADER = "$(TEST_HOST)";
				GENERATE_INFOPLIST_FILE = YES;
				LD_RUNPATH_SEARCH_PATHS = (
					"$(inherited)",
					"@executable_path/Frameworks",
					"@loader_path/Frameworks",
				);
				PRODUCT_BUNDLE_IDENTIFIER = "com.agentic-codeflow.opencode-nexus.tests";
				SDKROOT = iphoneos;
				TARGETED_DEVICE_FAMILY = "1,2";
				TEST_HOST = "$(BUILT_PRODUCTS_DIR)/OpenCodeNexus.app/$(BUNDLE_EXECUTABLE_FOLDER_PATH)/OpenCodeNexus";
			};
			name = Release;
		};
		C93FEBFD5B50F7BC380A7DE2 /* SimDebug */ = {
			isa = XCBuildConfiguration;
			buildSettings = {
				ASSETCATALOG_COMPILER_APPICON_NAME = AppIcon;
				ASSETCATALOG_COMPILER_GLOBAL_ACCENT_COLOR_NAME = AccentColor;
				CODE_SIGNING_ALLOWED = NO;
				CODE_SIGNING_REQUIRED = NO;
				CODE_SIGN_IDENTITY = "";
				CODE_SIGN_STYLE = Automatic;
				ENABLE_TESTABILITY = YES;
				GENERATE_INFOPLIST_FILE = NO;
				INFOPLIST_FILE = OpenCodeNexus/Info.plist;
				LD_RUNPATH_SEARCH_PATHS = (
					"$(inherited)",
					"@executable_path/Frameworks",
				);
				PRODUCT_BUNDLE_IDENTIFIER = "com.agentic-codeflow.opencode-nexus";
				SDKROOT = iphoneos;
				SWIFT_EMIT_LOC_STRINGS = YES;
				TARGETED_DEVICE_FAMILY = "1,2";
			};
			name = SimDebug;
		};
		F1EC1E8E0B67501E6CFF38F2 /* Release */ = {
			isa = XCBuildConfiguration;
			buildSettings = {
				ALWAYS_SEARCH_USER_PATHS = NO;
				CLANG_ANALYZER_NONNULL = YES;
				CLANG_ANALYZER_NUMBER_OBJECT_CONVERSION = YES_AGGRESSIVE;
				CLANG_CXX_LANGUAGE_STANDARD = "gnu++14";
				CLANG_CXX_LIBRARY = "libc++";
				CLANG_ENABLE_MODULES = YES;
				CLANG_ENABLE_OBJC_ARC = YES;
				CLANG_ENABLE_OBJC_WEAK = YES;
				CLANG_WARN_BLOCK_CAPTURE_AUTORELEASING = YES;
				CLANG_WARN_BOOL_CONVERSION = YES;
				CLANG_WARN_COMMA = YES;
				CLANG_WARN_CONSTANT_CONVERSION = YES;
				CLANG_WARN_DEPRECATED_OBJC_IMPLEMENTATIONS = YES;
				CLANG_WARN_DIRECT_OBJC_ISA_USAGE = YES_ERROR;
				CLANG_WARN_DOCUMENTATION_COMMENTS = YES;
				CLANG_WARN_EMPTY_BODY = YES;
				CLANG_WARN_ENUM_CONVERSION = YES;
				CLANG_WARN_INFINITE_RECURSION = YES;
				CLANG_WARN_INT_CONVERSION = YES;
				CLANG_WARN_NON_LITERAL_NULL_CONVERSION = YES;
				CLANG_WARN_OBJC_IMPLICIT_RETAIN_SELF = YES;
				CLANG_WARN_OBJC_LITERAL_CONVERSION = YES;
				CLANG_WARN_OBJC_ROOT_CLASS = YES_ERROR;
				CLANG_WARN_QUOTED_INCLUDE_IN_FRAMEWORK_HEADER = YES;
				CLANG_WARN_RANGE_LOOP_ANALYSIS = YES;
				CLANG_WARN_STRICT_PROTOTYPES = YES;
				CLANG_WARN_SUSPICIOUS_MOVE = YES;
				CLANG_WARN_UNGUARDED_AVAILABILITY = YES_AGGRESSIVE;
				CLANG_WARN_UNREACHABLE_CODE = YES;
				CLANG_WARN__DUPLICATE_METHOD_MATCH = YES;
				COPY_PHASE_STRIP = NO;
				CURRENT_PROJECT_VERSION = 1;
				DEBUG_INFORMATION_FORMAT = "dwarf-with-dsym";
				ENABLE_NS_ASSERTIONS = NO;
				ENABLE_STRICT_OBJC_MSGSEND = YES;
				GCC_C_LANGUAGE_STANDARD = gnu11;
				GCC_NO_COMMON_BLOCKS = YES;
				GCC_WARN_64_TO_32_BIT_CONVERSION = YES;
				GCC_WARN_ABOUT_RETURN_TYPE = YES_ERROR;
				GCC_WARN_UNDECLARED_SELECTOR = YES;
				GCC_WARN_UNINITIALIZED_AUTOS = YES_AGGRESSIVE;
				GCC_WARN_UNUSED_FUNCTION = YES;
				GCC_WARN_UNUSED_VARIABLE = YES;
				IPHONEOS_DEPLOYMENT_TARGET = 26.0;
				MARKETING_VERSION = 1.0.0;
				MTL_ENABLE_DEBUG_INFO = NO;
				MTL_FAST_MATH = YES;
				PRODUCT_NAME = "$(TARGET_NAME)";
				SDKROOT = iphoneos;
				SWIFT_COMPILATION_MODE = wholemodule;
				SWIFT_OPTIMIZATION_LEVEL = "-O";
				SWIFT_VERSION = 6.2;
			};
			name = Release;
		};
		F90667315B75499414561043 /* Debug */ = {
			isa = XCBuildConfiguration;
			buildSettings = {
				BUNDLE_LOADER = "$(TEST_HOST)";
				DEVELOPMENT_TEAM = PCJU8QD9FN;
				GENERATE_INFOPLIST_FILE = YES;
				LD_RUNPATH_SEARCH_PATHS = (
					"$(inherited)",
					"@executable_path/Frameworks",
					"@loader_path/Frameworks",
				);
				PRODUCT_BUNDLE_IDENTIFIER = "com.agentic-codeflow.opencode-nexus.integration-tests";
				SDKROOT = iphoneos;
				TARGETED_DEVICE_FAMILY = "1,2";
				TEST_HOST = "$(BUILT_PRODUCTS_DIR)/OpenCodeNexus.app/$(BUNDLE_EXECUTABLE_FOLDER_PATH)/OpenCodeNexus";
			};
			name = Debug;
		};
/* End XCBuildConfiguration section */

/* Begin XCConfigurationList section */
		0909800DA94924A486ADC1C2 /* Build configuration list for PBXNativeTarget "OpenCodeNexusTests" */ = {
			isa = XCConfigurationList;
			buildConfigurations = (
				9BC20F476AE6E2899450C268 /* Debug */,
				B8B5669508DBB4E0A10DF454 /* Release */,
				1FC1C3D788192FEB1F7A49C4 /* SimDebug */,
			);
			defaultConfigurationIsVisible = 0;
			defaultConfigurationName = Debug;
		};
		0DA987CBE6FAE6CAE7F541F5 /* Build configuration list for PBXNativeTarget "OpenCodeNexusIntegrationTests" */ = {
			isa = XCConfigurationList;
			buildConfigurations = (
				F90667315B75499414561043 /* Debug */,
				771C73135966783BC1056506 /* Release */,
				14572A0A6415EA8368FC828E /* SimDebug */,
			);
			defaultConfigurationIsVisible = 0;
			defaultConfigurationName = Debug;
		};
		1DF46810AEFA285EE59D3AE2 /* Build configuration list for PBXProject "OpenCodeNexus" */ = {
			isa = XCConfigurationList;
			buildConfigurations = (
				1304B12B4E3F8EA51AF11C55 /* Debug */,
				F1EC1E8E0B67501E6CFF38F2 /* Release */,
				12D4DC7D89CDBDBFC4F6C4EA /* SimDebug */,
			);
			defaultConfigurationIsVisible = 0;
			defaultConfigurationName = Debug;
		};
		DB2A7978DAA050E3EC59798C /* Build configuration list for PBXNativeTarget "OpenCodeNexus" */ = {
			isa = XCConfigurationList;
			buildConfigurations = (
				36BC8C705C822AC119F7743B /* Debug */,
				75473F64F6DD5F06EB5A0BD1 /* Release */,
				C93FEBFD5B50F7BC380A7DE2 /* SimDebug */,
			);
			defaultConfigurationIsVisible = 0;
			defaultConfigurationName = Debug;
		};
		E441F43D818C19A872A702F3 /* Build configuration list for PBXNativeTarget "OpenCodeNexusE2ETests" */ = {
			isa = XCConfigurationList;
			buildConfigurations = (
				0A3FD7D06E5E990C22500B82 /* Debug */,
				25C47A5BC4432DF8E4B8744B /* Release */,
				7FD315BFCEB3322A56C1BBEA /* SimDebug */,
			);
			defaultConfigurationIsVisible = 0;
			defaultConfigurationName = Debug;
		};
/* End XCConfigurationList section */

/* Begin XCRemoteSwiftPackageReference section */
		7C4D5F1A73234A6DDDE18261 /* XCRemoteSwiftPackageReference "libghostty-spm" */ = {
			isa = XCRemoteSwiftPackageReference;
			repositoryURL = "https://github.com/Lakr233/libghostty-spm";
			requirement = {
				kind = upToNextMajorVersion;
				minimumVersion = 1.0.0;
			};
		};
/* End XCRemoteSwiftPackageReference section */

/* Begin XCSwiftPackageProductDependency section */
		6BBA8E4B381BFE48B3BFE567 /* GhosttyTerminal */ = {
			isa = XCSwiftPackageProductDependency;
			package = 7C4D5F1A73234A6DDDE18261 /* XCRemoteSwiftPackageReference "libghostty-spm" */;
			productName = GhosttyTerminal;
		};
/* End XCSwiftPackageProductDependency section */
	};
	rootObject = EC01B3C4C4A6754973C1EFB5 /* Project object */;
}
